// !$*UTF8*$!
{
	archiveVersion = 1;
	classes = {
	};
	objectVersion = 46;
	objects = {

/* Begin PBXBuildFile section */
		6EA0E09EDB5CEEE9C0FEE5E8 /* LaunchScreen.storyboard in Resources */ = {isa = PBXBuildFile; fileRef = 6EA0E02428580DFFAEB752F5 /* LaunchScreen.storyboard */; };
		6EA0E16F5D56AFB16AEB674D /* ContentView.swift in Sources */ = {isa = PBXBuildFile; fileRef = 6EA0EF8CB2DCE963C08A5C0A /* ContentView.swift */; };
		6EA0E178F8FDF45679456E31 /* Preview Assets.xcassets in Resources */ = {isa = PBXBuildFile; fileRef = 6EA0EE65C56C669AF24F0D5E /* Preview Assets.xcassets */; };
		6EA0E4406E75792E05FF6898 /* Assets.xcassets in Resources */ = {isa = PBXBuildFile; fileRef = 6EA0E36FF2362B1D8C4E2F9C /* Assets.xcassets */; };
		6EA0E5C7759C9D435EBDFCDC /* MemoTests.swift in Sources */ = {isa = PBXBuildFile; fileRef = 6EA0E395551DA5627C6801B2 /* MemoTests.swift */; };
		6EA0E85F1710C4C4E9075305 /* SceneDelegate.swift in Sources */ = {isa = PBXBuildFile; fileRef = 6EA0E978C3D72EFC58DAD5A7 /* SceneDelegate.swift */; };
		6EA0E971F060D878FB87C853 /* AppDelegate.swift in Sources */ = {isa = PBXBuildFile; fileRef = 6EA0ECEE97461C88C0511681 /* AppDelegate.swift */; };
		6EA0E979E4BC89C177BC039F /* MemoUITests.swift in Sources */ = {isa = PBXBuildFile; fileRef = 6EA0E9AAB65F2A9DD940D708 /* MemoUITests.swift */; };
		6EA0EAAC46A5FFD454F130E9 /* EmojiMemoGame.swift in Sources */ = {isa = PBXBuildFile; fileRef = 6EA0E552540B85C516A2E1CC /* EmojiMemoGame.swift */; };
		6EA0EAB7ADC4E29FEB23A176 /* MemoGame.swift in Sources */ = {isa = PBXBuildFile; fileRef = 6EA0E8007741A3D505A9700F /* MemoGame.swift */; };
/* End PBXBuildFile section */

/* Begin PBXContainerItemProxy section */
		6EA0E4FFE5D0B58F415633D0 /* PBXContainerItemProxy */ = {
			isa = PBXContainerItemProxy;
			containerPortal = 6EA0EA3E0C2A2F5A090AAF62 /* Project object */;
			proxyType = 1;
			remoteGlobalIDString = 6EA0E337DA1389719C9D56DE;
			remoteInfo = Memo;
		};
		6EA0E9C851605B722BE28A36 /* PBXContainerItemProxy */ = {
			isa = PBXContainerItemProxy;
			containerPortal = 6EA0EA3E0C2A2F5A090AAF62 /* Project object */;
			proxyType = 1;
			remoteGlobalIDString = 6EA0E337DA1389719C9D56DE;
			remoteInfo = Memo;
		};
/* End PBXContainerItemProxy section */

/* Begin PBXFileReference section */
		6EA0E05B55024F2460F22974 /* Info.plist */ = {isa = PBXFileReference; lastKnownFileType = text.plist.info; path = Info.plist; sourceTree = "<group>"; };
		6EA0E2676CE43F7C811E9C53 /* MemoTests.xctest */ = {isa = PBXFileReference; explicitFileType = wrapper.cfbundle; includeInIndex = 0; path = MemoTests.xctest; sourceTree = BUILT_PRODUCTS_DIR; };
		6EA0E36FF2362B1D8C4E2F9C /* Assets.xcassets */ = {isa = PBXFileReference; lastKnownFileType = folder.assetcatalog; path = Assets.xcassets; sourceTree = "<group>"; };
		6EA0E395551DA5627C6801B2 /* MemoTests.swift */ = {isa = PBXFileReference; lastKnownFileType = sourcecode.swift; path = MemoTests.swift; sourceTree = "<group>"; };
		6EA0E552540B85C516A2E1CC /* EmojiMemoGame.swift */ = {isa = PBXFileReference; fileEncoding = 4; lastKnownFileType = sourcecode.swift; path = EmojiMemoGame.swift; sourceTree = "<group>"; };
		6EA0E67CF52D24FC0D0F5978 /* Memo.app */ = {isa = PBXFileReference; explicitFileType = wrapper.application; includeInIndex = 0; path = Memo.app; sourceTree = BUILT_PRODUCTS_DIR; };
		6EA0E7FC95CE54A14741C775 /* Info.plist */ = {isa = PBXFileReference; lastKnownFileType = text.plist.info; path = Info.plist; sourceTree = "<group>"; };
		6EA0E8007741A3D505A9700F /* MemoGame.swift */ = {isa = PBXFileReference; fileEncoding = 4; lastKnownFileType = sourcecode.swift; path = MemoGame.swift; sourceTree = "<group>"; };
		6EA0E926BB65C05007B3022D /* MemoUITests.xctest */ = {isa = PBXFileReference; explicitFileType = wrapper.cfbundle; includeInIndex = 0; path = MemoUITests.xctest; sourceTree = BUILT_PRODUCTS_DIR; };
		6EA0E978C3D72EFC58DAD5A7 /* SceneDelegate.swift */ = {isa = PBXFileReference; lastKnownFileType = sourcecode.swift; path = SceneDelegate.swift; sourceTree = "<group>"; };
		6EA0E9AAB65F2A9DD940D708 /* MemoUITests.swift */ = {isa = PBXFileReference; lastKnownFileType = sourcecode.swift; path = MemoUITests.swift; sourceTree = "<group>"; };
		6EA0EC67F91DFA26444E72C1 /* Info.plist */ = {isa = PBXFileReference; lastKnownFileType = text.plist.info; path = Info.plist; sourceTree = "<group>"; };
		6EA0ECEE97461C88C0511681 /* AppDelegate.swift */ = {isa = PBXFileReference; lastKnownFileType = sourcecode.swift; path = AppDelegate.swift; sourceTree = "<group>"; };
		6EA0ED036ADC3DE3E18F1839 /* Base */ = {isa = PBXFileReference; lastKnownFileType = file.storyboard; name = Base; path = Base.lproj/LaunchScreen.storyboard; sourceTree = "<group>"; };
		6EA0EE65C56C669AF24F0D5E /* Preview Assets.xcassets */ = {isa = PBXFileReference; lastKnownFileType = folder.assetcatalog; path = "Preview Assets.xcassets"; sourceTree = "<group>"; };
		6EA0EF8CB2DCE963C08A5C0A /* ContentView.swift */ = {isa = PBXFileReference; lastKnownFileType = sourcecode.swift; path = ContentView.swift; sourceTree = "<group>"; };
/* End PBXFileReference section */

/* Begin PBXFrameworksBuildPhase section */
		6EA0E274711168D12D8D7C3F /* Frameworks */ = {
			isa = PBXFrameworksBuildPhase;
			buildActionMask = 2147483647;
			files = (
			);
			runOnlyForDeploymentPostprocessing = 0;
		};
		6EA0E6542A9E1AD708C7313D /* Frameworks */ = {
			isa = PBXFrameworksBuildPhase;
			buildActionMask = 2147483647;
			files = (
			);
			runOnlyForDeploymentPostprocessing = 0;
		};
		6EA0EC7D5C1EB2DE713D8FCB /* Frameworks */ = {
			isa = PBXFrameworksBuildPhase;
			buildActionMask = 2147483647;
			files = (
			);
			runOnlyForDeploymentPostprocessing = 0;
		};
/* End PBXFrameworksBuildPhase section */

/* Begin PBXGroup section */
		6EA0E70811ABE7325C0C3028 /* MemoTests */ = {
			isa = PBXGroup;
			children = (
				6EA0E05B55024F2460F22974 /* Info.plist */,
				6EA0E395551DA5627C6801B2 /* MemoTests.swift */,
			);
			path = MemoTests;
			sourceTree = "<group>";
		};
		6EA0E8202DC1D27EE5585076 /* Products */ = {
			isa = PBXGroup;
			children = (
				6EA0E67CF52D24FC0D0F5978 /* Memo.app */,
				6EA0E2676CE43F7C811E9C53 /* MemoTests.xctest */,
				6EA0E926BB65C05007B3022D /* MemoUITests.xctest */,
			);
			name = Products;
			sourceTree = "<group>";
		};
		6EA0E9BEB7A688627A0355D9 /* Preview Content */ = {
			isa = PBXGroup;
			children = (
				6EA0EE65C56C669AF24F0D5E /* Preview Assets.xcassets */,
			);
			path = "Preview Content";
			sourceTree = "<group>";
		};
		6EA0E9E11A8B37FBF1C40799 /* MemoUITests */ = {
			isa = PBXGroup;
			children = (
				6EA0E7FC95CE54A14741C775 /* Info.plist */,
				6EA0E9AAB65F2A9DD940D708 /* MemoUITests.swift */,
			);
			path = MemoUITests;
			sourceTree = "<group>";
		};
		6EA0ECF708C5266242641126 = {
			isa = PBXGroup;
			children = (
				6EA0E8202DC1D27EE5585076 /* Products */,
				6EA0EE512F58C1EEC4319DEE /* Memo */,
				6EA0E70811ABE7325C0C3028 /* MemoTests */,
				6EA0E9E11A8B37FBF1C40799 /* MemoUITests */,
			);
			sourceTree = "<group>";
		};
		6EA0EE512F58C1EEC4319DEE /* Memo */ = {
			isa = PBXGroup;
			children = (
				6EA0EC67F91DFA26444E72C1 /* Info.plist */,
				6EA0E36FF2362B1D8C4E2F9C /* Assets.xcassets */,
				6EA0E02428580DFFAEB752F5 /* LaunchScreen.storyboard */,
				6EA0ECEE97461C88C0511681 /* AppDelegate.swift */,
				6EA0E978C3D72EFC58DAD5A7 /* SceneDelegate.swift */,
				6EA0EF8CB2DCE963C08A5C0A /* ContentView.swift */,
				6EA0E9BEB7A688627A0355D9 /* Preview Content */,
				6EA0E8007741A3D505A9700F /* MemoGame.swift */,
				6EA0E552540B85C516A2E1CC /* EmojiMemoGame.swift */,
			);
			path = Memo;
			sourceTree = "<group>";
		};
/* End PBXGroup section */

/* Begin PBXNativeTarget section */
		6EA0E337DA1389719C9D56DE /* Memo */ = {
			isa = PBXNativeTarget;
			buildConfigurationList = 6EA0E34FE41511164DD534D5 /* Build configuration list for PBXNativeTarget "Memo" */;
			buildPhases = (
				6EA0E4A05B97EFCAB1FF8D4E /* Sources */,
				6EA0EC7D5C1EB2DE713D8FCB /* Frameworks */,
				6EA0E138B67BAAB1C8099EEA /* Resources */,
			);
			buildRules = (
			);
			dependencies = (
			);
			name = Memo;
			productName = Memo;
			productReference = 6EA0E67CF52D24FC0D0F5978 /* Memo.app */;
			productType = "com.apple.product-type.application";
		};
		6EA0E3CC789C0E30196B25C1 /* MemoTests */ = {
			isa = PBXNativeTarget;
			buildConfigurationList = 6EA0E029D5A6C74FA6B58439 /* Build configuration list for PBXNativeTarget "MemoTests" */;
			buildPhases = (
				6EA0EA64A5C83C2DCE40DF69 /* Sources */,
				6EA0E6542A9E1AD708C7313D /* Frameworks */,
				6EA0EDEFFC0B8BA76FCC11E6 /* Resources */,
			);
			buildRules = (
			);
			dependencies = (
				6EA0EE610476700F565F32A6 /* PBXTargetDependency */,
			);
			name = MemoTests;
			productName = MemoTests;
			productReference = 6EA0E2676CE43F7C811E9C53 /* MemoTests.xctest */;
			productType = "com.apple.product-type.bundle.unit-test";
		};
		6EA0E69CD2C69BF2921DCCB2 /* MemoUITests */ = {
			isa = PBXNativeTarget;
			buildConfigurationList = 6EA0E36203623DFB715FEC57 /* Build configuration list for PBXNativeTarget "MemoUITests" */;
			buildPhases = (
				6EA0E5E7DE1F00C31423BD96 /* Sources */,
				6EA0E274711168D12D8D7C3F /* Frameworks */,
				6EA0EEDF8E1B59CE6A83191F /* Resources */,
			);
			buildRules = (
			);
			dependencies = (
				6EA0E4BD5A427FE08539D2ED /* PBXTargetDependency */,
			);
			name = MemoUITests;
			productName = MemoUITests;
			productReference = 6EA0E926BB65C05007B3022D /* MemoUITests.xctest */;
			productType = "com.apple.product-type.bundle.ui-testing";
		};
/* End PBXNativeTarget section */

/* Begin PBXProject section */
		6EA0EA3E0C2A2F5A090AAF62 /* Project object */ = {
			isa = PBXProject;
			attributes = {
				ORGANIZATIONNAME = zluan.io;
			};
			buildConfigurationList = 6EA0EFAEE90577A45506A306 /* Build configuration list for PBXProject "Memo" */;
			compatibilityVersion = "Xcode 3.2";
			developmentRegion = English;
			hasScannedForEncodings = 0;
			knownRegions = (
				en,
			);
			mainGroup = 6EA0ECF708C5266242641126;
			productRefGroup = 6EA0E8202DC1D27EE5585076 /* Products */;
			projectDirPath = "";
			projectRoot = "";
			targets = (
				6EA0E337DA1389719C9D56DE /* Memo */,
				6EA0E3CC789C0E30196B25C1 /* MemoTests */,
				6EA0E69CD2C69BF2921DCCB2 /* MemoUITests */,
			);
		};
/* End PBXProject section */

/* Begin PBXResourcesBuildPhase section */
		6EA0E138B67BAAB1C8099EEA /* Resources */ = {
			isa = PBXResourcesBuildPhase;
			buildActionMask = 2147483647;
			files = (
				6EA0E4406E75792E05FF6898 /* Assets.xcassets in Resources */,
				6EA0E09EDB5CEEE9C0FEE5E8 /* LaunchScreen.storyboard in Resources */,
				6EA0E178F8FDF45679456E31 /* Preview Assets.xcassets in Resources */,
			);
			runOnlyForDeploymentPostprocessing = 0;
		};
		6EA0EDEFFC0B8BA76FCC11E6 /* Resources */ = {
			isa = PBXResourcesBuildPhase;
			buildActionMask = 2147483647;
			files = (
			);
			runOnlyForDeploymentPostprocessing = 0;
		};
		6EA0EEDF8E1B59CE6A83191F /* Resources */ = {
			isa = PBXResourcesBuildPhase;
			buildActionMask = 2147483647;
			files = (
			);
			runOnlyForDeploymentPostprocessing = 0;
		};
/* End PBXResourcesBuildPhase section */

/* Begin PBXSourcesBuildPhase section */
		6EA0E4A05B97EFCAB1FF8D4E /* Sources */ = {
			isa = PBXSourcesBuildPhase;
			buildActionMask = 2147483647;
			files = (
				6EA0E971F060D878FB87C853 /* AppDelegate.swift in Sources */,
				6EA0E85F1710C4C4E9075305 /* SceneDelegate.swift in Sources */,
				6EA0E16F5D56AFB16AEB674D /* ContentView.swift in Sources */,
				6EA0EAB7ADC4E29FEB23A176 /* MemoGame.swift in Sources */,
				6EA0EAAC46A5FFD454F130E9 /* EmojiMemoGame.swift in Sources */,
			);
			runOnlyForDeploymentPostprocessing = 0;
		};
		6EA0E5E7DE1F00C31423BD96 /* Sources */ = {
			isa = PBXSourcesBuildPhase;
			buildActionMask = 2147483647;
			files = (
				6EA0E979E4BC89C177BC039F /* MemoUITests.swift in Sources */,
			);
			runOnlyForDeploymentPostprocessing = 0;
		};
		6EA0EA64A5C83C2DCE40DF69 /* Sources */ = {
			isa = PBXSourcesBuildPhase;
			buildActionMask = 2147483647;
			files = (
				6EA0E5C7759C9D435EBDFCDC /* MemoTests.swift in Sources */,
			);
			runOnlyForDeploymentPostprocessing = 0;
		};
/* End PBXSourcesBuildPhase section */

/* Begin PBXTargetDependency section */
		6EA0E4BD5A427FE08539D2ED /* PBXTargetDependency */ = {
			isa = PBXTargetDependency;
			target = 6EA0E337DA1389719C9D56DE /* Memo */;
			targetProxy = 6EA0E9C851605B722BE28A36 /* PBXContainerItemProxy */;
		};
		6EA0EE610476700F565F32A6 /* PBXTargetDependency */ = {
			isa = PBXTargetDependency;
			target = 6EA0E337DA1389719C9D56DE /* Memo */;
			targetProxy = 6EA0E4FFE5D0B58F415633D0 /* PBXContainerItemProxy */;
		};
/* End PBXTargetDependency section */

/* Begin PBXVariantGroup section */
		6EA0E02428580DFFAEB752F5 /* LaunchScreen.storyboard */ = {
			isa = PBXVariantGroup;
			children = (
				6EA0ED036ADC3DE3E18F1839 /* Base */,
			);
			name = LaunchScreen.storyboard;
			sourceTree = "<group>";
		};
/* End PBXVariantGroup section */

/* Begin XCBuildConfiguration section */
		6EA0E52A78266828A85F3F22 /* Release */ = {
			isa = XCBuildConfiguration;
			buildSettings = {
				INFOPLIST_FILE = MemoUITests/Info.plist;
				LD_RUNPATH_SEARCH_PATHS = "$(inherited) @executable_path/Frameworks @loader_path/Frameworks";
				PRODUCT_BUNDLE_IDENTIFIER = io.zluan.MemoUITests;
				PRODUCT_NAME = "$(TARGET_NAME)";
				SWIFT_VERSION = 5.0;
				TARGETED_DEVICE_FAMILY = "1,2";
				TEST_TARGET_NAME = Memo;
			};
			name = Release;
		};
		6EA0E8ADB506E41FFCB6A103 /* Debug */ = {
			isa = XCBuildConfiguration;
			buildSettings = {
				ALWAYS_SEARCH_USER_PATHS = NO;
				CLANG_ANALYZER_NONNULL = YES;
				CLANG_ANALYZER_NUMBER_OBJECT_CONVERSION = YES_AGGRESSIVE;
				CLANG_CXX_LANGUAGE_STANDARD = "gnu++14";
				CLANG_CXX_LIBRARY = "libc++";
				CLANG_ENABLE_MODULES = YES;
				CLANG_ENABLE_OBJC_ARC = YES;
				CLANG_ENABLE_OBJC_WEAK = YES;
				CLANG_WARN_BLOCK_CAPTURE_AUTORELEASING = YES;
				CLANG_WARN_BOOL_CONVERSION = YES;
				CLANG_WARN_COMMA = YES;
				CLANG_WARN_CONSTANT_CONVERSION = YES;
				CLANG_WARN_DEPRECATED_OBJC_IMPLEMENTATIONS = YES;
				CLANG_WARN_DIRECT_OBJC_ISA_USAGE = YES_ERROR;
				CLANG_WARN_DOCUMENTATION_COMMENTS = YES;
				CLANG_WARN_EMPTY_BODY = YES;
				CLANG_WARN_ENUM_CONVERSION = YES;
				CLANG_WARN_INFINITE_RECURSION = YES;
				CLANG_WARN_INT_CONVERSION = YES;
				CLANG_WARN_NON_LITERAL_NULL_CONVERSION = YES;
				CLANG_WARN_OBJC_IMPLICIT_RETAIN_SELF = YES;
				CLANG_WARN_OBJC_LITERAL_CONVERSION = YES;
				CLANG_WARN_OBJC_ROOT_CLASS = YES_ERROR;
				CLANG_WARN_RANGE_LOOP_ANALYSIS = YES;
				CLANG_WARN_STRICT_PROTOTYPES = YES;
				CLANG_WARN_SUSPICIOUS_MOVE = YES;
				CLANG_WARN_UNGUARDED_AVAILABILITY = YES_AGGRESSIVE;
				CLANG_WARN_UNREACHABLE_CODE = YES;
				CLANG_WARN__DUPLICATE_METHOD_MATCH = YES;
				COPY_PHASE_STRIP = NO;
				DEBUG_INFORMATION_FORMAT = dwarf;
				ENABLE_STRICT_OBJC_MSGSEND = YES;
				ENABLE_TESTABILITY = YES;
				GCC_C_LANGUAGE_STANDARD = gnu11;
				GCC_DYNAMIC_NO_PIC = NO;
				GCC_NO_COMMON_BLOCKS = YES;
				GCC_OPTIMIZATION_LEVEL = 0;
				GCC_PREPROCESSOR_DEFINITIONS = (
					"DEBUG=1",
					"$(inherited)",
				);
				GCC_WARN_64_TO_32_BIT_CONVERSION = YES;
				GCC_WARN_ABOUT_RETURN_TYPE = YES_ERROR;
				GCC_WARN_UNDECLARED_SELECTOR = YES;
				GCC_WARN_UNINITIALIZED_AUTOS = YES_AGGRESSIVE;
				GCC_WARN_UNUSED_FUNCTION = YES;
				GCC_WARN_UNUSED_VARIABLE = YES;
				IPHONEOS_DEPLOYMENT_TARGET = 13.2;
				MTL_ENABLE_DEBUG_INFO = INCLUDE_SOURCE;
				MTL_FAST_MATH = YES;
				ONLY_ACTIVE_ARCH = YES;
				SDKROOT = iphoneos;
				SWIFT_ACTIVE_COMPILATION_CONDITIONS = DEBUG;
				SWIFT_OPTIMIZATION_LEVEL = "-Onone";
			};
			name = Debug;
		};
		6EA0EAEEE5A432BA8602329C /* Release */ = {
			isa = XCBuildConfiguration;
			buildSettings = {
				ASSETCATALOG_COMPILER_APPICON_NAME = AppIcon;
				DEVELOPMENT_ASSET_PATHS = "\"Memo/Preview Content\"";
				ENABLE_PREVIEWS = YES;
				INFOPLIST_FILE = Memo/Info.plist;
				LD_RUNPATH_SEARCH_PATHS = "$(inherited) @executable_path/Frameworks";
				PRODUCT_BUNDLE_IDENTIFIER = io.zluan.Memo;
				PRODUCT_NAME = "$(TARGET_NAME)";
				SWIFT_VERSION = 5.0;
				TARGETED_DEVICE_FAMILY = "1,2";
			};
			name = Release;
		};
		6EA0EBA81C2FE8578F33B32B /* Release */ = {
			isa = XCBuildConfiguration;
			buildSettings = {
				BUNDLE_LOADER = "$(BUILT_PRODUCTS_DIR)/Memo.app/Memo";
				INFOPLIST_FILE = MemoTests/Info.plist;
				LD_RUNPATH_SEARCH_PATHS = "$(inherited) @executable_path/Frameworks @loader_path/Frameworks";
				PRODUCT_BUNDLE_IDENTIFIER = io.zluan.MemoTests;
				PRODUCT_NAME = "$(TARGET_NAME)";
				SWIFT_VERSION = 5.0;
				TARGETED_DEVICE_FAMILY = "1,2";
				TEST_HOST = "$(BUNDLE_LOADER)";
			};
			name = Release;
		};
		6EA0EBD68C9C0BFADE24FEDE /* Debug */ = {
			isa = XCBuildConfiguration;
			buildSettings = {
				INFOPLIST_FILE = MemoUITests/Info.plist;
				LD_RUNPATH_SEARCH_PATHS = "$(inherited) @executable_path/Frameworks @loader_path/Frameworks";
				PRODUCT_BUNDLE_IDENTIFIER = io.zluan.MemoUITests;
				PRODUCT_NAME = "$(TARGET_NAME)";
				SWIFT_VERSION = 5.0;
				TARGETED_DEVICE_FAMILY = "1,2";
				TEST_TARGET_NAME = Memo;
			};
			name = Debug;
		};
		6EA0EC461C862B93AD066D22 /* Release */ = {
			isa = XCBuildConfiguration;
			buildSettings = {
				ALWAYS_SEARCH_USER_PATHS = NO;
				CLANG_ANALYZER_NONNULL = YES;
				CLANG_ANALYZER_NUMBER_OBJECT_CONVERSION = YES_AGGRESSIVE;
				CLANG_CXX_LANGUAGE_STANDARD = "gnu++14";
				CLANG_CXX_LIBRARY = "libc++";
				CLANG_ENABLE_MODULES = YES;
				CLANG_ENABLE_OBJC_ARC = YES;
				CLANG_ENABLE_OBJC_WEAK = YES;
				CLANG_WARN_BLOCK_CAPTURE_AUTORELEASING = YES;
				CLANG_WARN_BOOL_CONVERSION = YES;
				CLANG_WARN_COMMA = YES;
				CLANG_WARN_CONSTANT_CONVERSION = YES;
				CLANG_WARN_DEPRECATED_OBJC_IMPLEMENTATIONS = YES;
				CLANG_WARN_DIRECT_OBJC_ISA_USAGE = YES_ERROR;
				CLANG_WARN_DOCUMENTATION_COMMENTS = YES;
				CLANG_WARN_EMPTY_BODY = YES;
				CLANG_WARN_ENUM_CONVERSION = YES;
				CLANG_WARN_INFINITE_RECURSION = YES;
				CLANG_WARN_INT_CONVERSION = YES;
				CLANG_WARN_NON_LITERAL_NULL_CONVERSION = YES;
				CLANG_WARN_OBJC_IMPLICIT_RETAIN_SELF = YES;
				CLANG_WARN_OBJC_LITERAL_CONVERSION = YES;
				CLANG_WARN_OBJC_ROOT_CLASS = YES_ERROR;
				CLANG_WARN_RANGE_LOOP_ANALYSIS = YES;
				CLANG_WARN_STRICT_PROTOTYPES = YES;
				CLANG_WARN_SUSPICIOUS_MOVE = YES;
				CLANG_WARN_UNGUARDED_AVAILABILITY = YES_AGGRESSIVE;
				CLANG_WARN_UNREACHABLE_CODE = YES;
				CLANG_WARN__DUPLICATE_METHOD_MATCH = YES;
				COPY_PHASE_STRIP = NO;
				DEBUG_INFORMATION_FORMAT = "dwarf-with-dsym";
				ENABLE_NS_ASSERTIONS = NO;
				ENABLE_STRICT_OBJC_MSGSEND = YES;
				GCC_C_LANGUAGE_STANDARD = gnu11;
				GCC_NO_COMMON_BLOCKS = YES;
				GCC_WARN_64_TO_32_BIT_CONVERSION = YES;
				GCC_WARN_ABOUT_RETURN_TYPE = YES_ERROR;
				GCC_WARN_UNDECLARED_SELECTOR = YES;
				GCC_WARN_UNINITIALIZED_AUTOS = YES_AGGRESSIVE;
				GCC_WARN_UNUSED_FUNCTION = YES;
				GCC_WARN_UNUSED_VARIABLE = YES;
				IPHONEOS_DEPLOYMENT_TARGET = 13.2;
				MTL_ENABLE_DEBUG_INFO = NO;
				MTL_FAST_MATH = YES;
				SDKROOT = iphoneos;
				SWIFT_COMPILATION_MODE = wholemodule;
				SWIFT_OPTIMIZATION_LEVEL = "-O";
				VALIDATE_PRODUCT = YES;
			};
			name = Release;
		};
		6EA0EDA55F31456229660C2A /* Debug */ = {
			isa = XCBuildConfiguration;
			buildSettings = {
				BUNDLE_LOADER = "$(BUILT_PRODUCTS_DIR)/Memo.app/Memo";
				INFOPLIST_FILE = MemoTests/Info.plist;
				LD_RUNPATH_SEARCH_PATHS = "$(inherited) @executable_path/Frameworks @loader_path/Frameworks";
				PRODUCT_BUNDLE_IDENTIFIER = io.zluan.MemoTests;
				PRODUCT_NAME = "$(TARGET_NAME)";
				SWIFT_VERSION = 5.0;
				TARGETED_DEVICE_FAMILY = "1,2";
				TEST_HOST = "$(BUNDLE_LOADER)";
			};
			name = Debug;
		};
		6EA0EE3A5703F60835E647E2 /* Debug */ = {
			isa = XCBuildConfiguration;
			buildSettings = {
				ASSETCATALOG_COMPILER_APPICON_NAME = AppIcon;
				DEVELOPMENT_ASSET_PATHS = "\"Memo/Preview Content\"";
				ENABLE_PREVIEWS = YES;
				INFOPLIST_FILE = Memo/Info.plist;
				LD_RUNPATH_SEARCH_PATHS = "$(inherited) @executable_path/Frameworks";
				PRODUCT_BUNDLE_IDENTIFIER = io.zluan.Memo;
				PRODUCT_NAME = "$(TARGET_NAME)";
				SWIFT_VERSION = 5.0;
				TARGETED_DEVICE_FAMILY = "1,2";
			};
			name = Debug;
		};
/* End XCBuildConfiguration section */

/* Begin XCConfigurationList section */
		6EA0E029D5A6C74FA6B58439 /* Build configuration list for PBXNativeTarget "MemoTests" */ = {
			isa = XCConfigurationList;
			buildConfigurations = (
				6EA0EDA55F31456229660C2A /* Debug */,
				6EA0EBA81C2FE8578F33B32B /* Release */,
			);
			defaultConfigurationIsVisible = 0;
		};
		6EA0E34FE41511164DD534D5 /* Build configuration list for PBXNativeTarget "Memo" */ = {
			isa = XCConfigurationList;
			buildConfigurations = (
				6EA0EE3A5703F60835E647E2 /* Debug */,
				6EA0EAEEE5A432BA8602329C /* Release */,
			);
			defaultConfigurationIsVisible = 0;
		};
		6EA0E36203623DFB715FEC57 /* Build configuration list for PBXNativeTarget "MemoUITests" */ = {
			isa = XCConfigurationList;
			buildConfigurations = (
				6EA0EBD68C9C0BFADE24FEDE /* Debug */,
				6EA0E52A78266828A85F3F22 /* Release */,
			);
			defaultConfigurationIsVisible = 0;
		};
		6EA0EFAEE90577A45506A306 /* Build configuration list for PBXProject "Memo" */ = {
			isa = XCConfigurationList;
			buildConfigurations = (
				6EA0E8ADB506E41FFCB6A103 /* Debug */,
				6EA0EC461C862B93AD066D22 /* Release */,
			);
			defaultConfigurationIsVisible = 0;
			defaultConfigurationName = Release;
		};
/* End XCConfigurationList section */
	};
	rootObject = 6EA0EA3E0C2A2F5A090AAF62 /* Project object */;
}
